
Microsoft Visual Studio Solution File, Format Version 12.00
# Visual Studio Version 17
VisualStudioVersion = 17.9.34728.123
MinimumVisualStudioVersion = 10.0.40219.1
Project("{9A19103F-16F7-4668-BE54-9A1E7A4F7556}") = "ERPSystem.Entity", "ERPSystem.Entity\ERPSystem.Entity.csproj", "{52EE7192-56D7-451C-AA40-E752F786B23C}"
EndProject
Project("{9A19103F-16F7-4668-BE54-9A1E7A4F7556}") = "ERPSystem.DataAccess", "ERPSystem.DataAccess\ERPSystem.DataAccess.csproj", "{C36C88B9-93B3-4E00-A352-195AE51EB75A}"
EndProject
Project("{9A19103F-16F7-4668-BE54-9A1E7A4F7556}") = "ERPSystem.Business", "ERPSystem.Business\ERPSystem.Business.csproj", "{70AEE07D-9E07-42BC-9A82-5721E8A0DEE9}"
EndProject
Project("{9A19103F-16F7-4668-BE54-9A1E7A4F7556}") = "ERPSystem.API", "ERPSystem.API\ERPSystem.API.csproj", "{06EE92FC-05D5-4CD4-B6E1-9E610A7E4F11}"
EndProject
Global
	GlobalSection(SolutionConfigurationPlatforms) = preSolution
		Debug|Any CPU = Debug|Any CPU
		Release|Any CPU = Release|Any CPU
	EndGlobalSection
	GlobalSection(ProjectConfigurationPlatforms) = postSolution
		{52EE7192-56D7-451C-AA40-E752F786B23C}.Debug|Any CPU.ActiveCfg = Debug|Any CPU
		{52EE7192-56D7-451C-AA40-E752F786B23C}.Debug|Any CPU.Build.0 = Debug|Any CPU
		{52EE7192-56D7-451C-AA40-E752F786B23C}.Release|Any CPU.ActiveCfg = Release|Any CPU
		{52EE7192-56D7-451C-AA40-E752F786B23C}.Release|Any CPU.Build.0 = Release|Any CPU
		{C36C88B9-93B3-4E00-A352-195AE51EB75A}.Debug|Any CPU.ActiveCfg = Debug|Any CPU
		{C36C88B9-93B3-4E00-A352-195AE51EB75A}.Debug|Any CPU.Build.0 = Debug|Any CPU
		{C36C88B9-93B3-4E00-A352-195AE51EB75A}.Release|Any CPU.ActiveCfg = Release|Any CPU
		{C36C88B9-93B3-4E00-A352-195AE51EB75A}.Release|Any CPU.Build.0 = Release|Any CPU
		{70AEE07D-9E07-42BC-9A82-5721E8A0DEE9}.Debug|Any CPU.ActiveCfg = Debug|Any CPU
		{70AEE07D-9E07-42BC-9A82-5721E8A0DEE9}.Debug|Any CPU.Build.0 = Debug|Any CPU
		{70AEE07D-9E07-42BC-9A82-5721E8A0DEE9}.Release|Any CPU.ActiveCfg = Release|Any CPU
		{70AEE07D-9E07-42BC-9A82-5721E8A0DEE9}.Release|Any CPU.Build.0 = Release|Any CPU
		{06EE92FC-05D5-4CD4-B6E1-9E610A7E4F11}.Debug|Any CPU.ActiveCfg = Debug|Any CPU
		{06EE92FC-05D5-4CD4-B6E1-9E610A7E4F11}.Debug|Any CPU.Build.0 = Debug|Any CPU
		{06EE92FC-05D5-4CD4-B6E1-9E610A7E4F11}.Release|Any CPU.ActiveCfg = Release|Any CPU
		{06EE92FC-05D5-4CD4-B6E1-9E610A7E4F11}.Release|Any CPU.Build.0 = Release|Any CPU
	EndGlobalSection
	GlobalSection(SolutionProperties) = preSolution
		HideSolutionNode = FALSE
	EndGlobalSection
	GlobalSection(ExtensibilityGlobals) = postSolution
		SolutionGuid = {7A36CE7E-3748-4B10-9004-5C1A31F2830D}
	EndGlobalSection
EndGlobal
